
Microsoft Visual Studio Solution File, Format Version 12.00
# Visual Studio 15
VisualStudioVersion = 15.0.28307.329
MinimumVisualStudioVersion = 10.0.40219.1
Project("{FAE04EC0-301F-11D3-BF4B-00C04F79EFBC}") = "Charity.Mvc", "Charity.Mvc\Charity.Mvc.csproj", "{74B53EC2-DB26-48AD-BBE8-401C368F5174}"
EndProject
Global
	GlobalSection(SolutionConfigurationPlatforms) = preSolution
		Debug|Any CPU = Debug|Any CPU
		Release|Any CPU = Release|Any CPU
	EndGlobalSection
	GlobalSection(ProjectConfigurationPlatforms) = postSolution
		{74B53EC2-DB26-48AD-BBE8-401C368F5174}.Debug|Any CPU.ActiveCfg = Debug|Any CPU
		{74B53EC2-DB26-48AD-BBE8-401C368F5174}.Debug|Any CPU.Build.0 = Debug|Any CPU
		{74B53EC2-DB26-48AD-BBE8-401C368F5174}.Release|Any CPU.ActiveCfg = Release|Any CPU
		{74B53EC2-DB26-48AD-BBE8-401C368F5174}.Release|Any CPU.Build.0 = Release|Any CPU
	EndGlobalSection
	GlobalSection(SolutionProperties) = preSolution
		HideSolutionNode = FALSE
	EndGlobalSection
	GlobalSection(ExtensibilityGlobals) = postSolution
		SolutionGuid = {18A13CE0-28CB-4FCF-B5F0-192A736825A0}
	EndGlobalSection
EndGlobal
